
Microsoft Visual Studio Solution File, Format Version 12.00
# Visual Studio Version 17
VisualStudioVersion = 17.3.32825.248
MinimumVisualStudioVersion = 10.0.40219.1
Project("{8BC9CEB8-8B4A-11D0-8D11-00A0C91BC942}") = "Looping_New_10", "Looping_New_10\Looping_New_10.vcxproj", "{9015C11E-9577-4B5F-8C47-72EF69CEF9BF}"
EndProject
Global
	GlobalSection(SolutionConfigurationPlatforms) = preSolution
		Debug|x64 = Debug|x64
		Debug|x86 = Debug|x86
		Release|x64 = Release|x64
		Release|x86 = Release|x86
	EndGlobalSection
	GlobalSection(ProjectConfigurationPlatforms) = postSolution
		{9015C11E-9577-4B5F-8C47-72EF69CEF9BF}.Debug|x64.ActiveCfg = Debug|x64
		{9015C11E-9577-4B5F-8C47-72EF69CEF9BF}.Debug|x64.Build.0 = Debug|x64
		{9015C11E-9577-4B5F-8C47-72EF69CEF9BF}.Debug|x86.ActiveCfg = Debug|Win32
		{9015C11E-9577-4B5F-8C47-72EF69CEF9BF}.Debug|x86.Build.0 = Debug|Win32
		{9015C11E-9577-4B5F-8C47-72EF69CEF9BF}.Release|x64.ActiveCfg = Release|x64
		{9015C11E-9577-4B5F-8C47-72EF69CEF9BF}.Release|x64.Build.0 = Release|x64
		{9015C11E-9577-4B5F-8C47-72EF69CEF9BF}.Release|x86.ActiveCfg = Release|Win32
		{9015C11E-9577-4B5F-8C47-72EF69CEF9BF}.Release|x86.Build.0 = Release|Win32
	EndGlobalSection
	GlobalSection(SolutionProperties) = preSolution
		HideSolutionNode = FALSE
	EndGlobalSection
	GlobalSection(ExtensibilityGlobals) = postSolution
		SolutionGuid = {7C4B06B6-853E-4BD0-AA09-2FAA9AE829F1}
	EndGlobalSection
EndGlobal
